// !$*UTF8*$!
{
	archiveVersion = 1;
	classes = {
	};
	objectVersion = 46;
	objects = {

/* Begin PBXBuildFile section */
		BF37DD5D1BC512450031876D /* Cargo.h in CopyFiles */ = {isa = PBXBuildFile; fileRef = BF37DD5C1BC512450031876D /* Cargo.h */; };
		BF37DD5F1BC512450031876D /* Cargo.m in Sources */ = {isa = PBXBuildFile; fileRef = BF37DD5E1BC512450031876D /* Cargo.m */; };
/* End PBXBuildFile section */

/* Begin PBXCopyFilesBuildPhase section */
		BF37DD571BC512450031876D /* CopyFiles */ = {
			isa = PBXCopyFilesBuildPhase;
			buildActionMask = 2147483647;
			dstPath = "include/$(PRODUCT_NAME)";
			dstSubfolderSpec = 16;
			files = (
				BF37DD5D1BC512450031876D /* Cargo.h in CopyFiles */,
			);
			runOnlyForDeploymentPostprocessing = 0;
		};
/* End PBXCopyFilesBuildPhase section */

/* Begin PBXFileReference section */
		BF37DD591BC512450031876D /* libCargo.a */ = {isa = PBXFileReference; explicitFileType = archive.ar; includeInIndex = 0; path = libCargo.a; sourceTree = BUILT_PRODUCTS_DIR; };
		BF37DD5C1BC512450031876D /* Cargo.h */ = {isa = PBXFileReference; lastKnownFileType = sourcecode.c.h; path = Cargo.h; sourceTree = "<group>"; };
		BF37DD5E1BC512450031876D /* Cargo.m */ = {isa = PBXFileReference; lastKnownFileType = sourcecode.c.objc; path = Cargo.m; sourceTree = "<group>"; };
/* End PBXFileReference section */

/* Begin PBXFrameworksBuildPhase section */
		BF37DD561BC512450031876D /* Frameworks */ = {
			isa = PBXFrameworksBuildPhase;
			buildActionMask = 2147483647;
			files = (
			);
			runOnlyForDeploymentPostprocessing = 0;
		};
/* End PBXFrameworksBuildPhase section */

/* Begin PBXGroup section */
		BF37DD501BC512450031876D = {
			isa = PBXGroup;
			children = (
				BF37DD5B1BC512450031876D /* Cargo */,
				BF37DD5A1BC512450031876D /* Products */,
			);
			sourceTree = "<group>";
		};
		BF37DD5A1BC512450031876D /* Products */ = {
			isa = PBXGroup;
			children = (
				BF37DD591BC512450031876D /* libCargo.a */,
			);
			name = Products;
			sourceTree = "<group>";
		};
		BF37DD5B1BC512450031876D /* Cargo */ = {
			isa = PBXGroup;
			children = (
				BF37DD5C1BC512450031876D /* Cargo.h */,
				BF37DD5E1BC512450031876D /* Cargo.m */,
			);
			path = Cargo;
			sourceTree = "<group>";
		};
/* End PBXGroup section */

/* Begin PBXNativeTarget section */
		BF37DD581BC512450031876D /* Cargo */ = {
			isa = PBXNativeTarget;
			buildConfigurationList = BF37DD621BC512450031876D /* Build configuration list for PBXNativeTarget "Cargo" */;
			buildPhases = (
				BF37DD551BC512450031876D /* Sources */,
				BF37DD561BC512450031876D /* Frameworks */,
				BF37DD571BC512450031876D /* CopyFiles */,
			);
			buildRules = (
			);
			dependencies = (
			);
			name = Cargo;
			productName = Cargo;
			productReference = BF37DD591BC512450031876D /* libCargo.a */;
			productType = "com.apple.product-type.library.static";
		};
/* End PBXNativeTarget section */

/* Begin PBXProject section */
		BF37DD511BC512450031876D /* Project object */ = {
			isa = PBXProject;
			attributes = {
				LastUpgradeCheck = 0700;
				ORGANIZATIONNAME = "55 SAS";
				TargetAttributes = {
					BF37DD581BC512450031876D = {
						CreatedOnToolsVersion = 7.0.1;
					};
				};
			};
			buildConfigurationList = BF37DD541BC512450031876D /* Build configuration list for PBXProject "Cargo" */;
			compatibilityVersion = "Xcode 3.2";
			developmentRegion = English;
			hasScannedForEncodings = 0;
			knownRegions = (
				en,
			);
			mainGroup = BF37DD501BC512450031876D;
			productRefGroup = BF37DD5A1BC512450031876D /* Products */;
			projectDirPath = "";
			projectRoot = "";
			targets = (
				BF37DD581BC512450031876D /* Cargo */,
			);
		};
/* End PBXProject section */

/* Begin PBXSourcesBuildPhase section */
		BF37DD551BC512450031876D /* Sources */ = {
			isa = PBXSourcesBuildPhase;
			buildActionMask = 2147483647;
			files = (
				BF37DD5F1BC512450031876D /* Cargo.m in Sources */,
			);
			runOnlyForDeploymentPostprocessing = 0;
		};
/* End PBXSourcesBuildPhase section */

/* Begin XCBuildConfiguration section */
		BF37DD601BC512450031876D /* Debug */ = {
			isa = XCBuildConfiguration;
			buildSettings = {
				ALWAYS_SEARCH_USER_PATHS = NO;
				CLANG_CXX_LANGUAGE_STANDARD = "gnu++0x";
				CLANG_CXX_LIBRARY = "libc++";
				CLANG_ENABLE_MODULES = YES;
				CLANG_ENABLE_OBJC_ARC = YES;
				CLANG_WARN_BOOL_CONVERSION = YES;
				CLANG_WARN_CONSTANT_CONVERSION = YES;
				CLANG_WARN_DIRECT_OBJC_ISA_USAGE = YES_ERROR;
				CLANG_WARN_EMPTY_BODY = YES;
				CLANG_WARN_ENUM_CONVERSION = YES;
				CLANG_WARN_INT_CONVERSION = YES;
				CLANG_WARN_OBJC_ROOT_CLASS = YES_ERROR;
				CLANG_WARN_UNREACHABLE_CODE = YES;
				CLANG_WARN__DUPLICATE_METHOD_MATCH = YES;
				COPY_PHASE_STRIP = NO;
				DEBUG_INFORMATION_FORMAT = dwarf;
				ENABLE_STRICT_OBJC_MSGSEND = YES;
				ENABLE_TESTABILITY = YES;
				GCC_C_LANGUAGE_STANDARD = gnu99;
				GCC_DYNAMIC_NO_PIC = NO;
				GCC_NO_COMMON_BLOCKS = YES;
				GCC_OPTIMIZATION_LEVEL = 0;
				GCC_PREPROCESSOR_DEFINITIONS = (
					"DEBUG=1",
					"$(inherited)",
				);
				GCC_WARN_64_TO_32_BIT_CONVERSION = YES;
				GCC_WARN_ABOUT_RETURN_TYPE = YES_ERROR;
				GCC_WARN_UNDECLARED_SELECTOR = YES;
				GCC_WARN_UNINITIALIZED_AUTOS = YES_AGGRESSIVE;
				GCC_WARN_UNUSED_FUNCTION = YES;
				GCC_WARN_UNUSED_VARIABLE = YES;
				IPHONEOS_DEPLOYMENT_TARGET = 9.0;
				MTL_ENABLE_DEBUG_INFO = YES;
				ONLY_ACTIVE_ARCH = YES;
				SDKROOT = iphoneos;
			};
			name = Debug;
		};
		BF37DD611BC512450031876D /* Release */ = {
			isa = XCBuildConfiguration;
			buildSettings = {
				ALWAYS_SEARCH_USER_PATHS = NO;
				CLANG_CXX_LANGUAGE_STANDARD = "gnu++0x";
				CLANG_CXX_LIBRARY = "libc++";
				CLANG_ENABLE_MODULES = YES;
				CLANG_ENABLE_OBJC_ARC = YES;
				CLANG_WARN_BOOL_CONVERSION = YES;
				CLANG_WARN_CONSTANT_CONVERSION = YES;
				CLANG_WARN_DIRECT_OBJC_ISA_USAGE = YES_ERROR;
				CLANG_WARN_EMPTY_BODY = YES;
				CLANG_WARN_ENUM_CONVERSION = YES;
				CLANG_WARN_INT_CONVERSION = YES;
				CLANG_WARN_OBJC_ROOT_CLASS = YES_ERROR;
				CLANG_WARN_UNREACHABLE_CODE = YES;
				CLANG_WARN__DUPLICATE_METHOD_MATCH = YES;
				COPY_PHASE_STRIP = NO;
				DEBUG_INFORMATION_FORMAT = "dwarf-with-dsym";
				ENABLE_NS_ASSERTIONS = NO;
				ENABLE_STRICT_OBJC_MSGSEND = YES;
				GCC_C_LANGUAGE_STANDARD = gnu99;
				GCC_NO_COMMON_BLOCKS = YES;
				GCC_WARN_64_TO_32_BIT_CONVERSION = YES;
				GCC_WARN_ABOUT_RETURN_TYPE = YES_ERROR;
				GCC_WARN_UNDECLARED_SELECTOR = YES;
				GCC_WARN_UNINITIALIZED_AUTOS = YES_AGGRESSIVE;
				GCC_WARN_UNUSED_FUNCTION = YES;
				GCC_WARN_UNUSED_VARIABLE = YES;
				IPHONEOS_DEPLOYMENT_TARGET = 9.0;
				MTL_ENABLE_DEBUG_INFO = NO;
				SDKROOT = iphoneos;
				VALIDATE_PRODUCT = YES;
			};
			name = Release;
		};
		BF37DD631BC512450031876D /* Debug */ = {
			isa = XCBuildConfiguration;
			buildSettings = {
				OTHER_LDFLAGS = "-ObjC";
				PRODUCT_NAME = "$(TARGET_NAME)";
				SKIP_INSTALL = YES;
			};
			name = Debug;
		};
		BF37DD641BC512450031876D /* Release */ = {
			isa = XCBuildConfiguration;
			buildSettings = {
				OTHER_LDFLAGS = "-ObjC";
				PRODUCT_NAME = "$(TARGET_NAME)";
				SKIP_INSTALL = YES;
			};
			name = Release;
		};
/* End XCBuildConfiguration section */

/* Begin XCConfigurationList section */
		BF37DD541BC512450031876D /* Build configuration list for PBXProject "Cargo" */ = {
			isa = XCConfigurationList;
			buildConfigurations = (
				BF37DD601BC512450031876D /* Debug */,
				BF37DD611BC512450031876D /* Release */,
			);
			defaultConfigurationIsVisible = 0;
			defaultConfigurationName = Release;
		};
		BF37DD621BC512450031876D /* Build configuration list for PBXNativeTarget "Cargo" */ = {
			isa = XCConfigurationList;
			buildConfigurations = (
				BF37DD631BC512450031876D /* Debug */,
				BF37DD641BC512450031876D /* Release */,
			);
			defaultConfigurationIsVisible = 0;
		};
/* End XCConfigurationList section */
	};
	rootObject = BF37DD511BC512450031876D /* Project object */;
}
